{
  "name": "novelverse-voice-worker",
  "version": "1.0.0",
  "lockfileVersion": 3,
  "requires": true,
  "packages": {
    "": {
      "name": "novelverse-voice-worker",
      "version": "1.0.0",
      "dependencies": {
        "dotenv": "file:vendor/dotenv",
        "express": "file:vendor/express"
      },
      "engines": {
        "node": ">=20"
      }
    },
    "node_modules/dotenv": {
      "resolved": "vendor/dotenv",
      "link": true
    },
    "node_modules/express": {
      "resolved": "vendor/express",
      "link": true
    },
    "vendor/dotenv": {
      "version": "16.4.7"
    },
    "vendor/express": {
      "version": "4.21.2"
    }
  }
}
